
Microsoft Visual Studio Solution File, Format Version 12.00
# Visual Studio Version 16
VisualStudioVersion = 16.0.31005.135
MinimumVisualStudioVersion = 10.0.40219.1
Project("{FAE04EC0-301F-11D3-BF4B-00C04F79EFBC}") = "OOP", "OOP\OOP.csproj", "{F2DA104A-CA84-4A16-88DD-8D5AE0F31245}"
EndProject
Global
	GlobalSection(SolutionConfigurationPlatforms) = preSolution
		Debug|Any CPU = Debug|Any CPU
		Release|Any CPU = Release|Any CPU
	EndGlobalSection
	GlobalSection(ProjectConfigurationPlatforms) = postSolution
		{F2DA104A-CA84-4A16-88DD-8D5AE0F31245}.Debug|Any CPU.ActiveCfg = Debug|Any CPU
		{F2DA104A-CA84-4A16-88DD-8D5AE0F31245}.Debug|Any CPU.Build.0 = Debug|Any CPU
		{F2DA104A-CA84-4A16-88DD-8D5AE0F31245}.Release|Any CPU.ActiveCfg = Release|Any CPU
		{F2DA104A-CA84-4A16-88DD-8D5AE0F31245}.Release|Any CPU.Build.0 = Release|Any CPU
	EndGlobalSection
	GlobalSection(SolutionProperties) = preSolution
		HideSolutionNode = FALSE
	EndGlobalSection
	GlobalSection(ExtensibilityGlobals) = postSolution
		SolutionGuid = {E4A6BAE0-721B-4C95-B1D7-E4FB8AAC8459}
	EndGlobalSection
EndGlobal
